# THIS IS AN AUTOGENERATED FILE. DO NOT EDIT THIS FILE DIRECTLY.
# yarn lockfile v1


"@popperjs/core@^2.9.2":
  "integrity" "sha512-VZMYa7+fXHdwIq1TDhSXoVmSPEGM/aa+6Aiq3nVVJ9bXr24zScr+NlKFKC3iPljA7ho/GAZr+d2jOf5GIRC30Q=="
  "resolved" "https://registry.npmjs.org/@popperjs/core/-/core-2.9.2.tgz"
  "version" "2.9.2"

"bootstrap@^5.0.2":
  "integrity" "sha512-1Ge963tyEQWJJ+8qtXFU6wgmAVj9gweEjibUdbmcCEYsn38tVwRk8107rk2vzt6cfQcRr3SlZ8aQBqaD8aqf+Q=="
  "resolved" "https://registry.npmjs.org/bootstrap/-/bootstrap-5.0.2.tgz"
  "version" "5.0.2"
